
Microsoft Visual Studio Solution File, Format Version 12.00
# Visual Studio Version 17
VisualStudioVersion = 17.4.33122.133
MinimumVisualStudioVersion = 10.0.40219.1
Project("{9A19103F-16F7-4668-BE54-9A1E7A4F7556}") = "Day1", "Day1\Day1.csproj", "{5D9EF5B8-5229-47FD-B072-BFC970378A6D}"
EndProject
Project("{9A19103F-16F7-4668-BE54-9A1E7A4F7556}") = "Day2", "Day2\Day2.csproj", "{E61A63A6-722E-4C0D-96F6-52261EB5A2DE}"
EndProject
Project("{FAE04EC0-301F-11D3-BF4B-00C04F79EFBC}") = "Day3", "Day3\Day3.csproj", "{6E1089CD-C575-4E84-A330-220DCC76DC0B}"
EndProject
Project("{FAE04EC0-301F-11D3-BF4B-00C04F79EFBC}") = "Day4", "Day4\Day4.csproj", "{F51148BF-E649-4639-A0F9-9E06ABDA85E6}"
EndProject
Project("{FAE04EC0-301F-11D3-BF4B-00C04F79EFBC}") = "Day5", "Day5\Day5.csproj", "{34421BD5-F05A-4EF1-B2A3-B7FB090D881C}"
EndProject
Global
	GlobalSection(SolutionConfigurationPlatforms) = preSolution
		Debug|Any CPU = Debug|Any CPU
		Release|Any CPU = Release|Any CPU
	EndGlobalSection
	GlobalSection(ProjectConfigurationPlatforms) = postSolution
		{5D9EF5B8-5229-47FD-B072-BFC970378A6D}.Debug|Any CPU.ActiveCfg = Debug|Any CPU
		{5D9EF5B8-5229-47FD-B072-BFC970378A6D}.Debug|Any CPU.Build.0 = Debug|Any CPU
		{5D9EF5B8-5229-47FD-B072-BFC970378A6D}.Release|Any CPU.ActiveCfg = Release|Any CPU
		{5D9EF5B8-5229-47FD-B072-BFC970378A6D}.Release|Any CPU.Build.0 = Release|Any CPU
		{E61A63A6-722E-4C0D-96F6-52261EB5A2DE}.Debug|Any CPU.ActiveCfg = Debug|Any CPU
		{E61A63A6-722E-4C0D-96F6-52261EB5A2DE}.Debug|Any CPU.Build.0 = Debug|Any CPU
		{E61A63A6-722E-4C0D-96F6-52261EB5A2DE}.Release|Any CPU.ActiveCfg = Release|Any CPU
		{E61A63A6-722E-4C0D-96F6-52261EB5A2DE}.Release|Any CPU.Build.0 = Release|Any CPU
		{6E1089CD-C575-4E84-A330-220DCC76DC0B}.Debug|Any CPU.ActiveCfg = Debug|Any CPU
		{6E1089CD-C575-4E84-A330-220DCC76DC0B}.Debug|Any CPU.Build.0 = Debug|Any CPU
		{6E1089CD-C575-4E84-A330-220DCC76DC0B}.Release|Any CPU.ActiveCfg = Release|Any CPU
		{6E1089CD-C575-4E84-A330-220DCC76DC0B}.Release|Any CPU.Build.0 = Release|Any CPU
		{F51148BF-E649-4639-A0F9-9E06ABDA85E6}.Debug|Any CPU.ActiveCfg = Debug|Any CPU
		{F51148BF-E649-4639-A0F9-9E06ABDA85E6}.Debug|Any CPU.Build.0 = Debug|Any CPU
		{F51148BF-E649-4639-A0F9-9E06ABDA85E6}.Release|Any CPU.ActiveCfg = Release|Any CPU
		{F51148BF-E649-4639-A0F9-9E06ABDA85E6}.Release|Any CPU.Build.0 = Release|Any CPU
		{34421BD5-F05A-4EF1-B2A3-B7FB090D881C}.Debug|Any CPU.ActiveCfg = Debug|Any CPU
		{34421BD5-F05A-4EF1-B2A3-B7FB090D881C}.Debug|Any CPU.Build.0 = Debug|Any CPU
		{34421BD5-F05A-4EF1-B2A3-B7FB090D881C}.Release|Any CPU.ActiveCfg = Release|Any CPU
		{34421BD5-F05A-4EF1-B2A3-B7FB090D881C}.Release|Any CPU.Build.0 = Release|Any CPU
	EndGlobalSection
	GlobalSection(SolutionProperties) = preSolution
		HideSolutionNode = FALSE
	EndGlobalSection
	GlobalSection(ExtensibilityGlobals) = postSolution
		SolutionGuid = {9F1473E6-556F-4A42-A1DF-017ACA0718A6}
	EndGlobalSection
EndGlobal
