
Microsoft Visual Studio Solution File, Format Version 12.00
# Visual Studio Version 17
VisualStudioVersion = 17.4.33122.133
MinimumVisualStudioVersion = 10.0.40219.1
Project("{FAE04EC0-301F-11D3-BF4B-00C04F79EFBC}") = "Day1", "AdventOfCode\Day1.csproj", "{5D9EF5B8-5229-47FD-B072-BFC970378A6D}"
EndProject
Global
	GlobalSection(SolutionConfigurationPlatforms) = preSolution
		Debug|Any CPU = Debug|Any CPU
		Release|Any CPU = Release|Any CPU
	EndGlobalSection
	GlobalSection(ProjectConfigurationPlatforms) = postSolution
		{5D9EF5B8-5229-47FD-B072-BFC970378A6D}.Debug|Any CPU.ActiveCfg = Debug|Any CPU
		{5D9EF5B8-5229-47FD-B072-BFC970378A6D}.Debug|Any CPU.Build.0 = Debug|Any CPU
		{5D9EF5B8-5229-47FD-B072-BFC970378A6D}.Release|Any CPU.ActiveCfg = Release|Any CPU
		{5D9EF5B8-5229-47FD-B072-BFC970378A6D}.Release|Any CPU.Build.0 = Release|Any CPU
	EndGlobalSection
	GlobalSection(SolutionProperties) = preSolution
		HideSolutionNode = FALSE
	EndGlobalSection
	GlobalSection(ExtensibilityGlobals) = postSolution
		SolutionGuid = {9F1473E6-556F-4A42-A1DF-017ACA0718A6}
	EndGlobalSection
EndGlobal
